
Microsoft Visual Studio Solution File, Format Version 12.00
# Visual Studio Version 17
VisualStudioVersion = 17.14.36401.2
MinimumVisualStudioVersion = 10.0.40219.1
Project("{FAE04EC0-301F-11D3-BF4B-00C04F79EFBC}") = "ColorPicker.Core", "ColorPicker.Core\ColorPicker.Core.csproj", "{B0D4C28D-FF26-4526-BDEA-054474FBFEFA}"
EndProject
Project("{FAE04EC0-301F-11D3-BF4B-00C04F79EFBC}") = "ColorPicker.Core.Tests", "ColorPicker.Core.Tests\ColorPicker.Core.Tests.csproj", "{6BF505C1-D298-6D3E-1432-B2532F4CF64B}"
EndProject
Project("{FAE04EC0-301F-11D3-BF4B-00C04F79EFBC}") = "ColorPicker.View.Wpf", "ColorPicker.View.Wpf\ColorPicker.View.Wpf.csproj", "{4326FFB4-B45B-36B4-DDB0-56C3C87E0D0E}"
EndProject
Project("{FAE04EC0-301F-11D3-BF4B-00C04F79EFBC}") = "ColorPicker.View.Wpf.Tests", "ColorPicker.View.Wpf.Tests\ColorPicker.View.Wpf.Tests.csproj", "{5BBB64CA-FE53-CED6-A344-952E2188686C}"
EndProject
Project("{FAE04EC0-301F-11D3-BF4B-00C04F79EFBC}") = "ColorPicker.View.Maui", "ColorPicker.View.Maui\ColorPicker.View.Maui.csproj", "{F6041CE4-42F1-4189-9CC2-7FCA7B4AD553}"
EndProject
Project("{FAE04EC0-301F-11D3-BF4B-00C04F79EFBC}") = "ColorPicker.Maiu.App1", "ColorPicker.Maiu.App1\ColorPicker.Maiu.App1.csproj", "{35CE1DD0-3C80-439B-9A89-905539755FB6}"
EndProject
Project("{FAE04EC0-301F-11D3-BF4B-00C04F79EFBC}") = "ColorPicker.Wpf.App1", "ColorPicker.Wpf.App1\ColorPicker.Wpf.App1.csproj", "{DCD570DD-7B7E-FF4B-7CD8-550820D2FE5D}"
EndProject
Project("{FAE04EC0-301F-11D3-BF4B-00C04F79EFBC}") = "ColorPicker.Wpf.App2", "ColorPicker.Wpf.App2\ColorPicker.Wpf.App2.csproj", "{2FFC70FC-08A3-81E2-1192-A6C7EA0B6165}"
EndProject
Project("{FAE04EC0-301F-11D3-BF4B-00C04F79EFBC}") = "ColorPicker.Wpf.App3", "ColorPicker.Wpf.App3\ColorPicker.Wpf.App3.csproj", "{658ACF1C-36B6-1D23-B1B4-2E63E7F10CE8}"
EndProject
Project("{2150E333-8FDC-42A3-9474-1A3956D46DE8}") = "Wpf", "Wpf", "{02EA681E-C7D8-13C7-8484-4AC65E1B71E8}"
EndProject
Project("{2150E333-8FDC-42A3-9474-1A3956D46DE8}") = "Maui", "Maui", "{71443546-AA6F-4BC0-9879-9CD4892E434B}"
EndProject
Project("{2150E333-8FDC-42A3-9474-1A3956D46DE8}") = "Blazor", "Blazor", "{F3D667FA-1958-4A80-9035-2428EE30E525}"
EndProject
Project("{FAE04EC0-301F-11D3-BF4B-00C04F79EFBC}") = "ColorPicker.View.Blazor", "ColorPicker.View.Blazor\ColorPicker.View.Blazor.csproj", "{5E549925-A15F-489B-A34F-DD2B87477215}"
EndProject
Project("{FAE04EC0-301F-11D3-BF4B-00C04F79EFBC}") = "ColorPicker.Blazor.App2", "ColorPicker.Blazor.App2\ColorPicker.Blazor.App2.csproj", "{A18EB0A0-5203-4A91-BAAE-2BF8ACEFB671}"
EndProject
Project("{FAE04EC0-301F-11D3-BF4B-00C04F79EFBC}") = "ColorPicker.Blazor.App3", "ColorPicker.Blazor.App3\ColorPicker.Blazor.App3.csproj", "{458DC3EF-0691-454C-ABDD-07C5CF4391E3}"
EndProject
Project("{FAE04EC0-301F-11D3-BF4B-00C04F79EFBC}") = "ColorPicker.Blazor.App1", "ColorPicker.Blazor.App1\ColorPicker.Blazor.App1.csproj", "{E97C6EB8-9E13-48D8-BE70-559DDE0BD37F}"
EndProject
Global
	GlobalSection(SolutionConfigurationPlatforms) = preSolution
		Debug|Any CPU = Debug|Any CPU
		Release|Any CPU = Release|Any CPU
	EndGlobalSection
	GlobalSection(ProjectConfigurationPlatforms) = postSolution
		{B0D4C28D-FF26-4526-BDEA-054474FBFEFA}.Debug|Any CPU.ActiveCfg = Debug|Any CPU
		{B0D4C28D-FF26-4526-BDEA-054474FBFEFA}.Debug|Any CPU.Build.0 = Debug|Any CPU
		{B0D4C28D-FF26-4526-BDEA-054474FBFEFA}.Release|Any CPU.ActiveCfg = Release|Any CPU
		{B0D4C28D-FF26-4526-BDEA-054474FBFEFA}.Release|Any CPU.Build.0 = Release|Any CPU
		{6BF505C1-D298-6D3E-1432-B2532F4CF64B}.Debug|Any CPU.ActiveCfg = Debug|Any CPU
		{6BF505C1-D298-6D3E-1432-B2532F4CF64B}.Debug|Any CPU.Build.0 = Debug|Any CPU
		{6BF505C1-D298-6D3E-1432-B2532F4CF64B}.Release|Any CPU.ActiveCfg = Release|Any CPU
		{6BF505C1-D298-6D3E-1432-B2532F4CF64B}.Release|Any CPU.Build.0 = Release|Any CPU
		{4326FFB4-B45B-36B4-DDB0-56C3C87E0D0E}.Debug|Any CPU.ActiveCfg = Debug|Any CPU
		{4326FFB4-B45B-36B4-DDB0-56C3C87E0D0E}.Debug|Any CPU.Build.0 = Debug|Any CPU
		{4326FFB4-B45B-36B4-DDB0-56C3C87E0D0E}.Release|Any CPU.ActiveCfg = Release|Any CPU
		{4326FFB4-B45B-36B4-DDB0-56C3C87E0D0E}.Release|Any CPU.Build.0 = Release|Any CPU
		{5BBB64CA-FE53-CED6-A344-952E2188686C}.Debug|Any CPU.ActiveCfg = Debug|Any CPU
		{5BBB64CA-FE53-CED6-A344-952E2188686C}.Debug|Any CPU.Build.0 = Debug|Any CPU
		{5BBB64CA-FE53-CED6-A344-952E2188686C}.Release|Any CPU.ActiveCfg = Release|Any CPU
		{5BBB64CA-FE53-CED6-A344-952E2188686C}.Release|Any CPU.Build.0 = Release|Any CPU
		{F6041CE4-42F1-4189-9CC2-7FCA7B4AD553}.Debug|Any CPU.ActiveCfg = Debug|Any CPU
		{F6041CE4-42F1-4189-9CC2-7FCA7B4AD553}.Debug|Any CPU.Build.0 = Debug|Any CPU
		{F6041CE4-42F1-4189-9CC2-7FCA7B4AD553}.Release|Any CPU.ActiveCfg = Release|Any CPU
		{F6041CE4-42F1-4189-9CC2-7FCA7B4AD553}.Release|Any CPU.Build.0 = Release|Any CPU
		{35CE1DD0-3C80-439B-9A89-905539755FB6}.Debug|Any CPU.ActiveCfg = Debug|Any CPU
		{35CE1DD0-3C80-439B-9A89-905539755FB6}.Debug|Any CPU.Build.0 = Debug|Any CPU
		{35CE1DD0-3C80-439B-9A89-905539755FB6}.Debug|Any CPU.Deploy.0 = Debug|Any CPU
		{35CE1DD0-3C80-439B-9A89-905539755FB6}.Release|Any CPU.ActiveCfg = Release|Any CPU
		{35CE1DD0-3C80-439B-9A89-905539755FB6}.Release|Any CPU.Build.0 = Release|Any CPU
		{35CE1DD0-3C80-439B-9A89-905539755FB6}.Release|Any CPU.Deploy.0 = Release|Any CPU
		{DCD570DD-7B7E-FF4B-7CD8-550820D2FE5D}.Debug|Any CPU.ActiveCfg = Debug|Any CPU
		{DCD570DD-7B7E-FF4B-7CD8-550820D2FE5D}.Debug|Any CPU.Build.0 = Debug|Any CPU
		{DCD570DD-7B7E-FF4B-7CD8-550820D2FE5D}.Release|Any CPU.ActiveCfg = Release|Any CPU
		{DCD570DD-7B7E-FF4B-7CD8-550820D2FE5D}.Release|Any CPU.Build.0 = Release|Any CPU
		{2FFC70FC-08A3-81E2-1192-A6C7EA0B6165}.Debug|Any CPU.ActiveCfg = Debug|Any CPU
		{2FFC70FC-08A3-81E2-1192-A6C7EA0B6165}.Debug|Any CPU.Build.0 = Debug|Any CPU
		{2FFC70FC-08A3-81E2-1192-A6C7EA0B6165}.Release|Any CPU.ActiveCfg = Release|Any CPU
		{2FFC70FC-08A3-81E2-1192-A6C7EA0B6165}.Release|Any CPU.Build.0 = Release|Any CPU
		{658ACF1C-36B6-1D23-B1B4-2E63E7F10CE8}.Debug|Any CPU.ActiveCfg = Debug|Any CPU
		{658ACF1C-36B6-1D23-B1B4-2E63E7F10CE8}.Debug|Any CPU.Build.0 = Debug|Any CPU
		{658ACF1C-36B6-1D23-B1B4-2E63E7F10CE8}.Release|Any CPU.ActiveCfg = Release|Any CPU
		{658ACF1C-36B6-1D23-B1B4-2E63E7F10CE8}.Release|Any CPU.Build.0 = Release|Any CPU
		{5E549925-A15F-489B-A34F-DD2B87477215}.Debug|Any CPU.ActiveCfg = Debug|Any CPU
		{5E549925-A15F-489B-A34F-DD2B87477215}.Debug|Any CPU.Build.0 = Debug|Any CPU
		{5E549925-A15F-489B-A34F-DD2B87477215}.Release|Any CPU.ActiveCfg = Release|Any CPU
		{5E549925-A15F-489B-A34F-DD2B87477215}.Release|Any CPU.Build.0 = Release|Any CPU
		{A18EB0A0-5203-4A91-BAAE-2BF8ACEFB671}.Debug|Any CPU.ActiveCfg = Debug|Any CPU
		{A18EB0A0-5203-4A91-BAAE-2BF8ACEFB671}.Debug|Any CPU.Build.0 = Debug|Any CPU
		{A18EB0A0-5203-4A91-BAAE-2BF8ACEFB671}.Release|Any CPU.ActiveCfg = Release|Any CPU
		{A18EB0A0-5203-4A91-BAAE-2BF8ACEFB671}.Release|Any CPU.Build.0 = Release|Any CPU
		{458DC3EF-0691-454C-ABDD-07C5CF4391E3}.Debug|Any CPU.ActiveCfg = Debug|Any CPU
		{458DC3EF-0691-454C-ABDD-07C5CF4391E3}.Debug|Any CPU.Build.0 = Debug|Any CPU
		{458DC3EF-0691-454C-ABDD-07C5CF4391E3}.Release|Any CPU.ActiveCfg = Release|Any CPU
		{458DC3EF-0691-454C-ABDD-07C5CF4391E3}.Release|Any CPU.Build.0 = Release|Any CPU
		{E97C6EB8-9E13-48D8-BE70-559DDE0BD37F}.Debug|Any CPU.ActiveCfg = Debug|Any CPU
		{E97C6EB8-9E13-48D8-BE70-559DDE0BD37F}.Debug|Any CPU.Build.0 = Debug|Any CPU
		{E97C6EB8-9E13-48D8-BE70-559DDE0BD37F}.Release|Any CPU.ActiveCfg = Release|Any CPU
		{E97C6EB8-9E13-48D8-BE70-559DDE0BD37F}.Release|Any CPU.Build.0 = Release|Any CPU
	EndGlobalSection
	GlobalSection(SolutionProperties) = preSolution
		HideSolutionNode = FALSE
	EndGlobalSection
	GlobalSection(NestedProjects) = preSolution
		{4326FFB4-B45B-36B4-DDB0-56C3C87E0D0E} = {02EA681E-C7D8-13C7-8484-4AC65E1B71E8}
		{5BBB64CA-FE53-CED6-A344-952E2188686C} = {02EA681E-C7D8-13C7-8484-4AC65E1B71E8}
		{F6041CE4-42F1-4189-9CC2-7FCA7B4AD553} = {71443546-AA6F-4BC0-9879-9CD4892E434B}
		{35CE1DD0-3C80-439B-9A89-905539755FB6} = {71443546-AA6F-4BC0-9879-9CD4892E434B}
		{DCD570DD-7B7E-FF4B-7CD8-550820D2FE5D} = {02EA681E-C7D8-13C7-8484-4AC65E1B71E8}
		{2FFC70FC-08A3-81E2-1192-A6C7EA0B6165} = {02EA681E-C7D8-13C7-8484-4AC65E1B71E8}
		{658ACF1C-36B6-1D23-B1B4-2E63E7F10CE8} = {02EA681E-C7D8-13C7-8484-4AC65E1B71E8}
		{5E549925-A15F-489B-A34F-DD2B87477215} = {F3D667FA-1958-4A80-9035-2428EE30E525}
		{A18EB0A0-5203-4A91-BAAE-2BF8ACEFB671} = {F3D667FA-1958-4A80-9035-2428EE30E525}
		{458DC3EF-0691-454C-ABDD-07C5CF4391E3} = {F3D667FA-1958-4A80-9035-2428EE30E525}
		{E97C6EB8-9E13-48D8-BE70-559DDE0BD37F} = {F3D667FA-1958-4A80-9035-2428EE30E525}
	EndGlobalSection
	GlobalSection(ExtensibilityGlobals) = postSolution
		SolutionGuid = {062268FE-DB30-4855-9FBE-F35CA58F3F20}
	EndGlobalSection
EndGlobal
